
Microsoft Visual Studio Solution File, Format Version 12.00
# Visual Studio Version 17
VisualStudioVersion = 17.0.31903.59
MinimumVisualStudioVersion = 10.0.40219.1
Project("{FAE04EC0-301F-11D3-BF4B-00C04F79EFBC}") = "CMS.Domain", "src\CMS.Domain\CMS.Domain.csproj", "{A725E5C9-1F71-47DC-B91B-84CA0266C0C8}"
EndProject
Project("{FAE04EC0-301F-11D3-BF4B-00C04F79EFBC}") = "CMS.Application", "src\CMS.Application\CMS.Application.csproj", "{D1EB1038-ECAA-423E-88DD-DAC939334274}"
EndProject
Project("{FAE04EC0-301F-11D3-BF4B-00C04F79EFBC}") = "CMS.Infrastructure", "src\CMS.Infrastructure\CMS.Infrastructure.csproj", "{E4A04220-A0F7-406B-800B-D2CCAA7A2D68}"
EndProject
Project("{FAE04EC0-301F-11D3-BF4B-00C04F79EFBC}") = "CMS.API", "src\CMS.API\CMS.API.csproj", "{9F6D094D-2D5C-4372-A07F-7C993E93A31D}"
EndProject
Project("{FAE04EC0-301F-11D3-BF4B-00C04F79EFBC}") = "CMS.UI", "src\CMS.UI\CMS.UI.csproj", "{2E787A13-9A2D-436B-AB7B-B62D02D0D141}"
EndProject
Project("{FAE04EC0-301F-11D3-BF4B-00C04F79EFBC}") = "CMS.Application.Tests", "src\CMS.Application.Tests\CMS.Application.Tests.csproj", "{7554A969-827A-482E-BC00-66BF350A15D8}"
EndProject
Project("{FAE04EC0-301F-11D3-BF4B-00C04F79EFBC}") = "CMS.Infrastructure.Tests", "src\CMS.Infrastructure.Tests\CMS.Infrastructure.Tests.csproj", "{1FA26398-10AA-471C-9DBE-582577DAB5E5}"
EndProject
Project("{FAE04EC0-301F-11D3-BF4B-00C04F79EFBC}") = "CMS.Domain.Tests", "src\CMS.Domain.Tests\CMS.Domain.Tests.csproj", "{2739778A-B74A-421E-9E20-B4211B057380}"
EndProject
Project("{FAE04EC0-301F-11D3-BF4B-00C04F79EFBC}") = "CMS.API.IntegrationTests", "src\CMS.API.IntegrationTests\CMS.API.IntegrationTests.csproj", "{064936ED-AC97-4216-BE8D-F7BA7C0D199A}"
EndProject
Global
	GlobalSection(SolutionConfigurationPlatforms) = preSolution
		Debug|Any CPU = Debug|Any CPU
		Debug|x64 = Debug|x64
		Debug|x86 = Debug|x86
		Release|Any CPU = Release|Any CPU
		Release|x64 = Release|x64
		Release|x86 = Release|x86
	EndGlobalSection
	GlobalSection(ProjectConfigurationPlatforms) = postSolution
		{A725E5C9-1F71-47DC-B91B-84CA0266C0C8}.Debug|Any CPU.ActiveCfg = Debug|Any CPU
		{A725E5C9-1F71-47DC-B91B-84CA0266C0C8}.Debug|Any CPU.Build.0 = Debug|Any CPU
		{A725E5C9-1F71-47DC-B91B-84CA0266C0C8}.Debug|x64.ActiveCfg = Debug|Any CPU
		{A725E5C9-1F71-47DC-B91B-84CA0266C0C8}.Debug|x64.Build.0 = Debug|Any CPU
		{A725E5C9-1F71-47DC-B91B-84CA0266C0C8}.Debug|x86.ActiveCfg = Debug|Any CPU
		{A725E5C9-1F71-47DC-B91B-84CA0266C0C8}.Debug|x86.Build.0 = Debug|Any CPU
		{A725E5C9-1F71-47DC-B91B-84CA0266C0C8}.Release|Any CPU.ActiveCfg = Release|Any CPU
		{A725E5C9-1F71-47DC-B91B-84CA0266C0C8}.Release|Any CPU.Build.0 = Release|Any CPU
		{A725E5C9-1F71-47DC-B91B-84CA0266C0C8}.Release|x64.ActiveCfg = Release|Any CPU
		{A725E5C9-1F71-47DC-B91B-84CA0266C0C8}.Release|x64.Build.0 = Release|Any CPU
		{A725E5C9-1F71-47DC-B91B-84CA0266C0C8}.Release|x86.ActiveCfg = Release|Any CPU
		{A725E5C9-1F71-47DC-B91B-84CA0266C0C8}.Release|x86.Build.0 = Release|Any CPU
		{D1EB1038-ECAA-423E-88DD-DAC939334274}.Debug|Any CPU.ActiveCfg = Debug|Any CPU
		{D1EB1038-ECAA-423E-88DD-DAC939334274}.Debug|Any CPU.Build.0 = Debug|Any CPU
		{D1EB1038-ECAA-423E-88DD-DAC939334274}.Debug|x64.ActiveCfg = Debug|Any CPU
		{D1EB1038-ECAA-423E-88DD-DAC939334274}.Debug|x64.Build.0 = Debug|Any CPU
		{D1EB1038-ECAA-423E-88DD-DAC939334274}.Debug|x86.ActiveCfg = Debug|Any CPU
		{D1EB1038-ECAA-423E-88DD-DAC939334274}.Debug|x86.Build.0 = Debug|Any CPU
		{D1EB1038-ECAA-423E-88DD-DAC939334274}.Release|Any CPU.ActiveCfg = Release|Any CPU
		{D1EB1038-ECAA-423E-88DD-DAC939334274}.Release|Any CPU.Build.0 = Release|Any CPU
		{D1EB1038-ECAA-423E-88DD-DAC939334274}.Release|x64.ActiveCfg = Release|Any CPU
		{D1EB1038-ECAA-423E-88DD-DAC939334274}.Release|x64.Build.0 = Release|Any CPU
		{D1EB1038-ECAA-423E-88DD-DAC939334274}.Release|x86.ActiveCfg = Release|Any CPU
		{D1EB1038-ECAA-423E-88DD-DAC939334274}.Release|x86.Build.0 = Release|Any CPU
		{E4A04220-A0F7-406B-800B-D2CCAA7A2D68}.Debug|Any CPU.ActiveCfg = Debug|Any CPU
		{E4A04220-A0F7-406B-800B-D2CCAA7A2D68}.Debug|Any CPU.Build.0 = Debug|Any CPU
		{E4A04220-A0F7-406B-800B-D2CCAA7A2D68}.Debug|x64.ActiveCfg = Debug|Any CPU
		{E4A04220-A0F7-406B-800B-D2CCAA7A2D68}.Debug|x64.Build.0 = Debug|Any CPU
		{E4A04220-A0F7-406B-800B-D2CCAA7A2D68}.Debug|x86.ActiveCfg = Debug|Any CPU
		{E4A04220-A0F7-406B-800B-D2CCAA7A2D68}.Debug|x86.Build.0 = Debug|Any CPU
		{E4A04220-A0F7-406B-800B-D2CCAA7A2D68}.Release|Any CPU.ActiveCfg = Release|Any CPU
		{E4A04220-A0F7-406B-800B-D2CCAA7A2D68}.Release|Any CPU.Build.0 = Release|Any CPU
		{E4A04220-A0F7-406B-800B-D2CCAA7A2D68}.Release|x64.ActiveCfg = Release|Any CPU
		{E4A04220-A0F7-406B-800B-D2CCAA7A2D68}.Release|x64.Build.0 = Release|Any CPU
		{E4A04220-A0F7-406B-800B-D2CCAA7A2D68}.Release|x86.ActiveCfg = Release|Any CPU
		{E4A04220-A0F7-406B-800B-D2CCAA7A2D68}.Release|x86.Build.0 = Release|Any CPU
		{9F6D094D-2D5C-4372-A07F-7C993E93A31D}.Debug|Any CPU.ActiveCfg = Debug|Any CPU
		{9F6D094D-2D5C-4372-A07F-7C993E93A31D}.Debug|Any CPU.Build.0 = Debug|Any CPU
		{9F6D094D-2D5C-4372-A07F-7C993E93A31D}.Debug|x64.ActiveCfg = Debug|Any CPU
		{9F6D094D-2D5C-4372-A07F-7C993E93A31D}.Debug|x64.Build.0 = Debug|Any CPU
		{9F6D094D-2D5C-4372-A07F-7C993E93A31D}.Debug|x86.ActiveCfg = Debug|Any CPU
		{9F6D094D-2D5C-4372-A07F-7C993E93A31D}.Debug|x86.Build.0 = Debug|Any CPU
		{9F6D094D-2D5C-4372-A07F-7C993E93A31D}.Release|Any CPU.ActiveCfg = Release|Any CPU
		{9F6D094D-2D5C-4372-A07F-7C993E93A31D}.Release|Any CPU.Build.0 = Release|Any CPU
		{9F6D094D-2D5C-4372-A07F-7C993E93A31D}.Release|x64.ActiveCfg = Release|Any CPU
		{9F6D094D-2D5C-4372-A07F-7C993E93A31D}.Release|x64.Build.0 = Release|Any CPU
		{9F6D094D-2D5C-4372-A07F-7C993E93A31D}.Release|x86.ActiveCfg = Release|Any CPU
		{9F6D094D-2D5C-4372-A07F-7C993E93A31D}.Release|x86.Build.0 = Release|Any CPU
		{2E787A13-9A2D-436B-AB7B-B62D02D0D141}.Debug|Any CPU.ActiveCfg = Debug|Any CPU
		{2E787A13-9A2D-436B-AB7B-B62D02D0D141}.Debug|Any CPU.Build.0 = Debug|Any CPU
		{2E787A13-9A2D-436B-AB7B-B62D02D0D141}.Debug|x64.ActiveCfg = Debug|Any CPU
		{2E787A13-9A2D-436B-AB7B-B62D02D0D141}.Debug|x64.Build.0 = Debug|Any CPU
		{2E787A13-9A2D-436B-AB7B-B62D02D0D141}.Debug|x86.ActiveCfg = Debug|Any CPU
		{2E787A13-9A2D-436B-AB7B-B62D02D0D141}.Debug|x86.Build.0 = Debug|Any CPU
		{2E787A13-9A2D-436B-AB7B-B62D02D0D141}.Release|Any CPU.ActiveCfg = Release|Any CPU
		{2E787A13-9A2D-436B-AB7B-B62D02D0D141}.Release|Any CPU.Build.0 = Release|Any CPU
		{2E787A13-9A2D-436B-AB7B-B62D02D0D141}.Release|x64.ActiveCfg = Release|Any CPU
		{2E787A13-9A2D-436B-AB7B-B62D02D0D141}.Release|x64.Build.0 = Release|Any CPU
		{2E787A13-9A2D-436B-AB7B-B62D02D0D141}.Release|x86.ActiveCfg = Release|Any CPU
		{2E787A13-9A2D-436B-AB7B-B62D02D0D141}.Release|x86.Build.0 = Release|Any CPU
		{7554A969-827A-482E-BC00-66BF350A15D8}.Debug|Any CPU.ActiveCfg = Debug|Any CPU
		{7554A969-827A-482E-BC00-66BF350A15D8}.Debug|Any CPU.Build.0 = Debug|Any CPU
		{7554A969-827A-482E-BC00-66BF350A15D8}.Debug|x64.ActiveCfg = Debug|Any CPU
		{7554A969-827A-482E-BC00-66BF350A15D8}.Debug|x64.Build.0 = Debug|Any CPU
		{7554A969-827A-482E-BC00-66BF350A15D8}.Debug|x86.ActiveCfg = Debug|Any CPU
		{7554A969-827A-482E-BC00-66BF350A15D8}.Debug|x86.Build.0 = Debug|Any CPU
		{7554A969-827A-482E-BC00-66BF350A15D8}.Release|Any CPU.ActiveCfg = Release|Any CPU
		{7554A969-827A-482E-BC00-66BF350A15D8}.Release|Any CPU.Build.0 = Release|Any CPU
		{7554A969-827A-482E-BC00-66BF350A15D8}.Release|x64.ActiveCfg = Release|Any CPU
		{7554A969-827A-482E-BC00-66BF350A15D8}.Release|x64.Build.0 = Release|Any CPU
		{7554A969-827A-482E-BC00-66BF350A15D8}.Release|x86.ActiveCfg = Release|Any CPU
		{7554A969-827A-482E-BC00-66BF350A15D8}.Release|x86.Build.0 = Release|Any CPU
		{1FA26398-10AA-471C-9DBE-582577DAB5E5}.Debug|Any CPU.ActiveCfg = Debug|Any CPU
		{1FA26398-10AA-471C-9DBE-582577DAB5E5}.Debug|Any CPU.Build.0 = Debug|Any CPU
		{1FA26398-10AA-471C-9DBE-582577DAB5E5}.Debug|x64.ActiveCfg = Debug|Any CPU
		{1FA26398-10AA-471C-9DBE-582577DAB5E5}.Debug|x64.Build.0 = Debug|Any CPU
		{1FA26398-10AA-471C-9DBE-582577DAB5E5}.Debug|x86.ActiveCfg = Debug|Any CPU
		{1FA26398-10AA-471C-9DBE-582577DAB5E5}.Debug|x86.Build.0 = Debug|Any CPU
		{1FA26398-10AA-471C-9DBE-582577DAB5E5}.Release|Any CPU.ActiveCfg = Release|Any CPU
		{1FA26398-10AA-471C-9DBE-582577DAB5E5}.Release|Any CPU.Build.0 = Release|Any CPU
		{1FA26398-10AA-471C-9DBE-582577DAB5E5}.Release|x64.ActiveCfg = Release|Any CPU
		{1FA26398-10AA-471C-9DBE-582577DAB5E5}.Release|x64.Build.0 = Release|Any CPU
		{1FA26398-10AA-471C-9DBE-582577DAB5E5}.Release|x86.ActiveCfg = Release|Any CPU
		{1FA26398-10AA-471C-9DBE-582577DAB5E5}.Release|x86.Build.0 = Release|Any CPU
		{2739778A-B74A-421E-9E20-B4211B057380}.Debug|Any CPU.ActiveCfg = Debug|Any CPU
		{2739778A-B74A-421E-9E20-B4211B057380}.Debug|Any CPU.Build.0 = Debug|Any CPU
		{2739778A-B74A-421E-9E20-B4211B057380}.Debug|x64.ActiveCfg = Debug|Any CPU
		{2739778A-B74A-421E-9E20-B4211B057380}.Debug|x64.Build.0 = Debug|Any CPU
		{2739778A-B74A-421E-9E20-B4211B057380}.Debug|x86.ActiveCfg = Debug|Any CPU
		{2739778A-B74A-421E-9E20-B4211B057380}.Debug|x86.Build.0 = Debug|Any CPU
		{2739778A-B74A-421E-9E20-B4211B057380}.Release|Any CPU.ActiveCfg = Release|Any CPU
		{2739778A-B74A-421E-9E20-B4211B057380}.Release|Any CPU.Build.0 = Release|Any CPU
		{2739778A-B74A-421E-9E20-B4211B057380}.Release|x64.ActiveCfg = Release|Any CPU
		{2739778A-B74A-421E-9E20-B4211B057380}.Release|x64.Build.0 = Release|Any CPU
		{2739778A-B74A-421E-9E20-B4211B057380}.Release|x86.ActiveCfg = Release|Any CPU
		{2739778A-B74A-421E-9E20-B4211B057380}.Release|x86.Build.0 = Release|Any CPU
		{064936ED-AC97-4216-BE8D-F7BA7C0D199A}.Debug|Any CPU.ActiveCfg = Debug|Any CPU
		{064936ED-AC97-4216-BE8D-F7BA7C0D199A}.Debug|Any CPU.Build.0 = Debug|Any CPU
		{064936ED-AC97-4216-BE8D-F7BA7C0D199A}.Debug|x64.ActiveCfg = Debug|Any CPU
		{064936ED-AC97-4216-BE8D-F7BA7C0D199A}.Debug|x64.Build.0 = Debug|Any CPU
		{064936ED-AC97-4216-BE8D-F7BA7C0D199A}.Debug|x86.ActiveCfg = Debug|Any CPU
		{064936ED-AC97-4216-BE8D-F7BA7C0D199A}.Debug|x86.Build.0 = Debug|Any CPU
		{064936ED-AC97-4216-BE8D-F7BA7C0D199A}.Release|Any CPU.ActiveCfg = Release|Any CPU
		{064936ED-AC97-4216-BE8D-F7BA7C0D199A}.Release|Any CPU.Build.0 = Release|Any CPU
		{064936ED-AC97-4216-BE8D-F7BA7C0D199A}.Release|x64.ActiveCfg = Release|Any CPU
		{064936ED-AC97-4216-BE8D-F7BA7C0D199A}.Release|x64.Build.0 = Release|Any CPU
		{064936ED-AC97-4216-BE8D-F7BA7C0D199A}.Release|x86.ActiveCfg = Release|Any CPU
		{064936ED-AC97-4216-BE8D-F7BA7C0D199A}.Release|x86.Build.0 = Release|Any CPU
	EndGlobalSection
	GlobalSection(SolutionProperties) = preSolution
		HideSolutionNode = FALSE
	EndGlobalSection
EndGlobal
